// !$*UTF8*$!
{
	archiveVersion = 1;
	classes = {
	};
	objectVersion = 50;
	objects = {

/* Begin PBXBuildFile section */
		C269F05E22B7BA7900775CC3 /* AppDelegate.swift in Sources */ = {isa = PBXBuildFile; fileRef = C269F05D22B7BA7900775CC3 /* AppDelegate.swift */; };
		C269F06022B7BA7900775CC3 /* ViewController.swift in Sources */ = {isa = PBXBuildFile; fileRef = C269F05F22B7BA7900775CC3 /* ViewController.swift */; };
		C269F06322B7BA7900775CC3 /* Main.storyboard in Resources */ = {isa = PBXBuildFile; fileRef = C269F06122B7BA7900775CC3 /* Main.storyboard */; };
		C269F06522B7BA7B00775CC3 /* Assets.xcassets in Resources */ = {isa = PBXBuildFile; fileRef = C269F06422B7BA7B00775CC3 /* Assets.xcassets */; };
		C269F06822B7BA7B00775CC3 /* LaunchScreen.storyboard in Resources */ = {isa = PBXBuildFile; fileRef = C269F06622B7BA7B00775CC3 /* LaunchScreen.storyboard */; };
		C269F07322B7BA7B00775CC3 /* BaluchonTests.swift in Sources */ = {isa = PBXBuildFile; fileRef = C269F07222B7BA7B00775CC3 /* BaluchonTests.swift */; };
/* End PBXBuildFile section */

/* Begin PBXContainerItemProxy section */
		C269F06F22B7BA7B00775CC3 /* PBXContainerItemProxy */ = {
			isa = PBXContainerItemProxy;
			containerPortal = C269F05222B7BA7900775CC3 /* Project object */;
			proxyType = 1;
			remoteGlobalIDString = C269F05922B7BA7900775CC3;
			remoteInfo = Baluchon;
		};
/* End PBXContainerItemProxy section */

/* Begin PBXFileReference section */
		C269F05A22B7BA7900775CC3 /* Baluchon.app */ = {isa = PBXFileReference; explicitFileType = wrapper.application; includeInIndex = 0; path = Baluchon.app; sourceTree = BUILT_PRODUCTS_DIR; };
		C269F05D22B7BA7900775CC3 /* AppDelegate.swift */ = {isa = PBXFileReference; lastKnownFileType = sourcecode.swift; path = AppDelegate.swift; sourceTree = "<group>"; };
		C269F05F22B7BA7900775CC3 /* ViewController.swift */ = {isa = PBXFileReference; lastKnownFileType = sourcecode.swift; path = ViewController.swift; sourceTree = "<group>"; };
		C269F06222B7BA7900775CC3 /* Base */ = {isa = PBXFileReference; lastKnownFileType = file.storyboard; name = Base; path = Base.lproj/Main.storyboard; sourceTree = "<group>"; };
		C269F06422B7BA7B00775CC3 /* Assets.xcassets */ = {isa = PBXFileReference; lastKnownFileType = folder.assetcatalog; path = Assets.xcassets; sourceTree = "<group>"; };
		C269F06722B7BA7B00775CC3 /* Base */ = {isa = PBXFileReference; lastKnownFileType = file.storyboard; name = Base; path = Base.lproj/LaunchScreen.storyboard; sourceTree = "<group>"; };
		C269F06922B7BA7B00775CC3 /* Info.plist */ = {isa = PBXFileReference; lastKnownFileType = text.plist.xml; path = Info.plist; sourceTree = "<group>"; };
		C269F06E22B7BA7B00775CC3 /* BaluchonTests.xctest */ = {isa = PBXFileReference; explicitFileType = wrapper.cfbundle; includeInIndex = 0; path = BaluchonTests.xctest; sourceTree = BUILT_PRODUCTS_DIR; };
		C269F07222B7BA7B00775CC3 /* BaluchonTests.swift */ = {isa = PBXFileReference; lastKnownFileType = sourcecode.swift; path = BaluchonTests.swift; sourceTree = "<group>"; };
		C269F07422B7BA7B00775CC3 /* Info.plist */ = {isa = PBXFileReference; lastKnownFileType = text.plist.xml; path = Info.plist; sourceTree = "<group>"; };
/* End PBXFileReference section */

/* Begin PBXFrameworksBuildPhase section */
		C269F05722B7BA7900775CC3 /* Frameworks */ = {
			isa = PBXFrameworksBuildPhase;
			buildActionMask = 2147483647;
			files = (
			);
			runOnlyForDeploymentPostprocessing = 0;
		};
		C269F06B22B7BA7B00775CC3 /* Frameworks */ = {
			isa = PBXFrameworksBuildPhase;
			buildActionMask = 2147483647;
			files = (
			);
			runOnlyForDeploymentPostprocessing = 0;
		};
/* End PBXFrameworksBuildPhase section */

/* Begin PBXGroup section */
		C269F05122B7BA7900775CC3 = {
			isa = PBXGroup;
			children = (
				C269F05C22B7BA7900775CC3 /* Baluchon */,
				C269F07122B7BA7B00775CC3 /* BaluchonTests */,
				C269F05B22B7BA7900775CC3 /* Products */,
			);
			sourceTree = "<group>";
		};
		C269F05B22B7BA7900775CC3 /* Products */ = {
			isa = PBXGroup;
			children = (
				C269F05A22B7BA7900775CC3 /* Baluchon.app */,
				C269F06E22B7BA7B00775CC3 /* BaluchonTests.xctest */,
			);
			name = Products;
			sourceTree = "<group>";
		};
		C269F05C22B7BA7900775CC3 /* Baluchon */ = {
			isa = PBXGroup;
			children = (
				C269F05D22B7BA7900775CC3 /* AppDelegate.swift */,
				C269F05F22B7BA7900775CC3 /* ViewController.swift */,
				C269F06122B7BA7900775CC3 /* Main.storyboard */,
				C269F06422B7BA7B00775CC3 /* Assets.xcassets */,
				C269F06622B7BA7B00775CC3 /* LaunchScreen.storyboard */,
				C269F06922B7BA7B00775CC3 /* Info.plist */,
			);
			path = Baluchon;
			sourceTree = "<group>";
		};
		C269F07122B7BA7B00775CC3 /* BaluchonTests */ = {
			isa = PBXGroup;
			children = (
				C269F07222B7BA7B00775CC3 /* BaluchonTests.swift */,
				C269F07422B7BA7B00775CC3 /* Info.plist */,
			);
			path = BaluchonTests;
			sourceTree = "<group>";
		};
/* End PBXGroup section */

/* Begin PBXNativeTarget section */
		C269F05922B7BA7900775CC3 /* Baluchon */ = {
			isa = PBXNativeTarget;
			buildConfigurationList = C269F07722B7BA7B00775CC3 /* Build configuration list for PBXNativeTarget "Baluchon" */;
			buildPhases = (
				C269F05622B7BA7900775CC3 /* Sources */,
				C269F05722B7BA7900775CC3 /* Frameworks */,
				C269F05822B7BA7900775CC3 /* Resources */,
			);
			buildRules = (
			);
			dependencies = (
			);
			name = Baluchon;
			productName = Baluchon;
			productReference = C269F05A22B7BA7900775CC3 /* Baluchon.app */;
			productType = "com.apple.product-type.application";
		};
		C269F06D22B7BA7B00775CC3 /* BaluchonTests */ = {
			isa = PBXNativeTarget;
			buildConfigurationList = C269F07A22B7BA7B00775CC3 /* Build configuration list for PBXNativeTarget "BaluchonTests" */;
			buildPhases = (
				C269F06A22B7BA7B00775CC3 /* Sources */,
				C269F06B22B7BA7B00775CC3 /* Frameworks */,
				C269F06C22B7BA7B00775CC3 /* Resources */,
			);
			buildRules = (
			);
			dependencies = (
				C269F07022B7BA7B00775CC3 /* PBXTargetDependency */,
			);
			name = BaluchonTests;
			productName = BaluchonTests;
			productReference = C269F06E22B7BA7B00775CC3 /* BaluchonTests.xctest */;
			productType = "com.apple.product-type.bundle.unit-test";
		};
/* End PBXNativeTarget section */

/* Begin PBXProject section */
		C269F05222B7BA7900775CC3 /* Project object */ = {
			isa = PBXProject;
			attributes = {
				LastSwiftUpdateCheck = 1010;
				LastUpgradeCheck = 1010;
				ORGANIZATIONNAME = "Cindy Perat";
				TargetAttributes = {
					C269F05922B7BA7900775CC3 = {
						CreatedOnToolsVersion = 10.1;
					};
					C269F06D22B7BA7B00775CC3 = {
						CreatedOnToolsVersion = 10.1;
						TestTargetID = C269F05922B7BA7900775CC3;
					};
				};
			};
			buildConfigurationList = C269F05522B7BA7900775CC3 /* Build configuration list for PBXProject "Baluchon" */;
			compatibilityVersion = "Xcode 9.3";
			developmentRegion = en;
			hasScannedForEncodings = 0;
			knownRegions = (
				en,
				Base,
			);
			mainGroup = C269F05122B7BA7900775CC3;
			productRefGroup = C269F05B22B7BA7900775CC3 /* Products */;
			projectDirPath = "";
			projectRoot = "";
			targets = (
				C269F05922B7BA7900775CC3 /* Baluchon */,
				C269F06D22B7BA7B00775CC3 /* BaluchonTests */,
			);
		};
/* End PBXProject section */

/* Begin PBXResourcesBuildPhase section */
		C269F05822B7BA7900775CC3 /* Resources */ = {
			isa = PBXResourcesBuildPhase;
			buildActionMask = 2147483647;
			files = (
				C269F06822B7BA7B00775CC3 /* LaunchScreen.storyboard in Resources */,
				C269F06522B7BA7B00775CC3 /* Assets.xcassets in Resources */,
				C269F06322B7BA7900775CC3 /* Main.storyboard in Resources */,
			);
			runOnlyForDeploymentPostprocessing = 0;
		};
		C269F06C22B7BA7B00775CC3 /* Resources */ = {
			isa = PBXResourcesBuildPhase;
			buildActionMask = 2147483647;
			files = (
			);
			runOnlyForDeploymentPostprocessing = 0;
		};
/* End PBXResourcesBuildPhase section */

/* Begin PBXSourcesBuildPhase section */
		C269F05622B7BA7900775CC3 /* Sources */ = {
			isa = PBXSourcesBuildPhase;
			buildActionMask = 2147483647;
			files = (
				C269F06022B7BA7900775CC3 /* ViewController.swift in Sources */,
				C269F05E22B7BA7900775CC3 /* AppDelegate.swift in Sources */,
			);
			runOnlyForDeploymentPostprocessing = 0;
		};
		C269F06A22B7BA7B00775CC3 /* Sources */ = {
			isa = PBXSourcesBuildPhase;
			buildActionMask = 2147483647;
			files = (
				C269F07322B7BA7B00775CC3 /* BaluchonTests.swift in Sources */,
			);
			runOnlyForDeploymentPostprocessing = 0;
		};
/* End PBXSourcesBuildPhase section */

/* Begin PBXTargetDependency section */
		C269F07022B7BA7B00775CC3 /* PBXTargetDependency */ = {
			isa = PBXTargetDependency;
			target = C269F05922B7BA7900775CC3 /* Baluchon */;
			targetProxy = C269F06F22B7BA7B00775CC3 /* PBXContainerItemProxy */;
		};
/* End PBXTargetDependency section */

/* Begin PBXVariantGroup section */
		C269F06122B7BA7900775CC3 /* Main.storyboard */ = {
			isa = PBXVariantGroup;
			children = (
				C269F06222B7BA7900775CC3 /* Base */,
			);
			name = Main.storyboard;
			sourceTree = "<group>";
		};
		C269F06622B7BA7B00775CC3 /* LaunchScreen.storyboard */ = {
			isa = PBXVariantGroup;
			children = (
				C269F06722B7BA7B00775CC3 /* Base */,
			);
			name = LaunchScreen.storyboard;
			sourceTree = "<group>";
		};
/* End PBXVariantGroup section */

/* Begin XCBuildConfiguration section */
		C269F07522B7BA7B00775CC3 /* Debug */ = {
			isa = XCBuildConfiguration;
			buildSettings = {
				ALWAYS_SEARCH_USER_PATHS = NO;
				CLANG_ANALYZER_NONNULL = YES;
				CLANG_ANALYZER_NUMBER_OBJECT_CONVERSION = YES_AGGRESSIVE;
				CLANG_CXX_LANGUAGE_STANDARD = "gnu++14";
				CLANG_CXX_LIBRARY = "libc++";
				CLANG_ENABLE_MODULES = YES;
				CLANG_ENABLE_OBJC_ARC = YES;
				CLANG_ENABLE_OBJC_WEAK = YES;
				CLANG_WARN_BLOCK_CAPTURE_AUTORELEASING = YES;
				CLANG_WARN_BOOL_CONVERSION = YES;
				CLANG_WARN_COMMA = YES;
				CLANG_WARN_CONSTANT_CONVERSION = YES;
				CLANG_WARN_DEPRECATED_OBJC_IMPLEMENTATIONS = YES;
				CLANG_WARN_DIRECT_OBJC_ISA_USAGE = YES_ERROR;
				CLANG_WARN_DOCUMENTATION_COMMENTS = YES;
				CLANG_WARN_EMPTY_BODY = YES;
				CLANG_WARN_ENUM_CONVERSION = YES;
				CLANG_WARN_INFINITE_RECURSION = YES;
				CLANG_WARN_INT_CONVERSION = YES;
				CLANG_WARN_NON_LITERAL_NULL_CONVERSION = YES;
				CLANG_WARN_OBJC_IMPLICIT_RETAIN_SELF = YES;
				CLANG_WARN_OBJC_LITERAL_CONVERSION = YES;
				CLANG_WARN_OBJC_ROOT_CLASS = YES_ERROR;
				CLANG_WARN_RANGE_LOOP_ANALYSIS = YES;
				CLANG_WARN_STRICT_PROTOTYPES = YES;
				CLANG_WARN_SUSPICIOUS_MOVE = YES;
				CLANG_WARN_UNGUARDED_AVAILABILITY = YES_AGGRESSIVE;
				CLANG_WARN_UNREACHABLE_CODE = YES;
				CLANG_WARN__DUPLICATE_METHOD_MATCH = YES;
				CODE_SIGN_IDENTITY = "iPhone Developer";
				COPY_PHASE_STRIP = NO;
				DEBUG_INFORMATION_FORMAT = dwarf;
				ENABLE_STRICT_OBJC_MSGSEND = YES;
				ENABLE_TESTABILITY = YES;
				GCC_C_LANGUAGE_STANDARD = gnu11;
				GCC_DYNAMIC_NO_PIC = NO;
				GCC_NO_COMMON_BLOCKS = YES;
				GCC_OPTIMIZATION_LEVEL = 0;
				GCC_PREPROCESSOR_DEFINITIONS = (
					"DEBUG=1",
					"$(inherited)",
				);
				GCC_WARN_64_TO_32_BIT_CONVERSION = YES;
				GCC_WARN_ABOUT_RETURN_TYPE = YES_ERROR;
				GCC_WARN_UNDECLARED_SELECTOR = YES;
				GCC_WARN_UNINITIALIZED_AUTOS = YES_AGGRESSIVE;
				GCC_WARN_UNUSED_FUNCTION = YES;
				GCC_WARN_UNUSED_VARIABLE = YES;
				IPHONEOS_DEPLOYMENT_TARGET = 12.1;
				MTL_ENABLE_DEBUG_INFO = INCLUDE_SOURCE;
				MTL_FAST_MATH = YES;
				ONLY_ACTIVE_ARCH = YES;
				SDKROOT = iphoneos;
				SWIFT_ACTIVE_COMPILATION_CONDITIONS = DEBUG;
				SWIFT_OPTIMIZATION_LEVEL = "-Onone";
			};
			name = Debug;
		};
		C269F07622B7BA7B00775CC3 /* Release */ = {
			isa = XCBuildConfiguration;
			buildSettings = {
				ALWAYS_SEARCH_USER_PATHS = NO;
				CLANG_ANALYZER_NONNULL = YES;
				CLANG_ANALYZER_NUMBER_OBJECT_CONVERSION = YES_AGGRESSIVE;
				CLANG_CXX_LANGUAGE_STANDARD = "gnu++14";
				CLANG_CXX_LIBRARY = "libc++";
				CLANG_ENABLE_MODULES = YES;
				CLANG_ENABLE_OBJC_ARC = YES;
				CLANG_ENABLE_OBJC_WEAK = YES;
				CLANG_WARN_BLOCK_CAPTURE_AUTORELEASING = YES;
				CLANG_WARN_BOOL_CONVERSION = YES;
				CLANG_WARN_COMMA = YES;
				CLANG_WARN_CONSTANT_CONVERSION = YES;
				CLANG_WARN_DEPRECATED_OBJC_IMPLEMENTATIONS = YES;
				CLANG_WARN_DIRECT_OBJC_ISA_USAGE = YES_ERROR;
				CLANG_WARN_DOCUMENTATION_COMMENTS = YES;
				CLANG_WARN_EMPTY_BODY = YES;
				CLANG_WARN_ENUM_CONVERSION = YES;
				CLANG_WARN_INFINITE_RECURSION = YES;
				CLANG_WARN_INT_CONVERSION = YES;
				CLANG_WARN_NON_LITERAL_NULL_CONVERSION = YES;
				CLANG_WARN_OBJC_IMPLICIT_RETAIN_SELF = YES;
				CLANG_WARN_OBJC_LITERAL_CONVERSION = YES;
				CLANG_WARN_OBJC_ROOT_CLASS = YES_ERROR;
				CLANG_WARN_RANGE_LOOP_ANALYSIS = YES;
				CLANG_WARN_STRICT_PROTOTYPES = YES;
				CLANG_WARN_SUSPICIOUS_MOVE = YES;
				CLANG_WARN_UNGUARDED_AVAILABILITY = YES_AGGRESSIVE;
				CLANG_WARN_UNREACHABLE_CODE = YES;
				CLANG_WARN__DUPLICATE_METHOD_MATCH = YES;
				CODE_SIGN_IDENTITY = "iPhone Developer";
				COPY_PHASE_STRIP = NO;
				DEBUG_INFORMATION_FORMAT = "dwarf-with-dsym";
				ENABLE_NS_ASSERTIONS = NO;
				ENABLE_STRICT_OBJC_MSGSEND = YES;
				GCC_C_LANGUAGE_STANDARD = gnu11;
				GCC_NO_COMMON_BLOCKS = YES;
				GCC_WARN_64_TO_32_BIT_CONVERSION = YES;
				GCC_WARN_ABOUT_RETURN_TYPE = YES_ERROR;
				GCC_WARN_UNDECLARED_SELECTOR = YES;
				GCC_WARN_UNINITIALIZED_AUTOS = YES_AGGRESSIVE;
				GCC_WARN_UNUSED_FUNCTION = YES;
				GCC_WARN_UNUSED_VARIABLE = YES;
				IPHONEOS_DEPLOYMENT_TARGET = 12.1;
				MTL_ENABLE_DEBUG_INFO = NO;
				MTL_FAST_MATH = YES;
				SDKROOT = iphoneos;
				SWIFT_COMPILATION_MODE = wholemodule;
				SWIFT_OPTIMIZATION_LEVEL = "-O";
				VALIDATE_PRODUCT = YES;
			};
			name = Release;
		};
		C269F07822B7BA7B00775CC3 /* Debug */ = {
			isa = XCBuildConfiguration;
			buildSettings = {
				ASSETCATALOG_COMPILER_APPICON_NAME = AppIcon;
				CODE_SIGN_STYLE = Automatic;
				DEVELOPMENT_TEAM = T4629DAQKG;
				INFOPLIST_FILE = Baluchon/Info.plist;
				LD_RUNPATH_SEARCH_PATHS = (
					"$(inherited)",
					"@executable_path/Frameworks",
				);
				PRODUCT_BUNDLE_IDENTIFIER = fr.cindyperat.Baluchon;
				PRODUCT_NAME = "$(TARGET_NAME)";
				SWIFT_VERSION = 4.2;
				TARGETED_DEVICE_FAMILY = "1,2";
			};
			name = Debug;
		};
		C269F07922B7BA7B00775CC3 /* Release */ = {
			isa = XCBuildConfiguration;
			buildSettings = {
				ASSETCATALOG_COMPILER_APPICON_NAME = AppIcon;
				CODE_SIGN_STYLE = Automatic;
				DEVELOPMENT_TEAM = T4629DAQKG;
				INFOPLIST_FILE = Baluchon/Info.plist;
				LD_RUNPATH_SEARCH_PATHS = (
					"$(inherited)",
					"@executable_path/Frameworks",
				);
				PRODUCT_BUNDLE_IDENTIFIER = fr.cindyperat.Baluchon;
				PRODUCT_NAME = "$(TARGET_NAME)";
				SWIFT_VERSION = 4.2;
				TARGETED_DEVICE_FAMILY = "1,2";
			};
			name = Release;
		};
		C269F07B22B7BA7B00775CC3 /* Debug */ = {
			isa = XCBuildConfiguration;
			buildSettings = {
				ALWAYS_EMBED_SWIFT_STANDARD_LIBRARIES = YES;
				BUNDLE_LOADER = "$(TEST_HOST)";
				CODE_SIGN_STYLE = Automatic;
				DEVELOPMENT_TEAM = T4629DAQKG;
				INFOPLIST_FILE = BaluchonTests/Info.plist;
				LD_RUNPATH_SEARCH_PATHS = (
					"$(inherited)",
					"@executable_path/Frameworks",
					"@loader_path/Frameworks",
				);
				PRODUCT_BUNDLE_IDENTIFIER = fr.cindyperat.BaluchonTests;
				PRODUCT_NAME = "$(TARGET_NAME)";
				SWIFT_VERSION = 4.2;
				TARGETED_DEVICE_FAMILY = "1,2";
				TEST_HOST = "$(BUILT_PRODUCTS_DIR)/Baluchon.app/Baluchon";
			};
			name = Debug;
		};
		C269F07C22B7BA7B00775CC3 /* Release */ = {
			isa = XCBuildConfiguration;
			buildSettings = {
				ALWAYS_EMBED_SWIFT_STANDARD_LIBRARIES = YES;
				BUNDLE_LOADER = "$(TEST_HOST)";
				CODE_SIGN_STYLE = Automatic;
				DEVELOPMENT_TEAM = T4629DAQKG;
				INFOPLIST_FILE = BaluchonTests/Info.plist;
				LD_RUNPATH_SEARCH_PATHS = (
					"$(inherited)",
					"@executable_path/Frameworks",
					"@loader_path/Frameworks",
				);
				PRODUCT_BUNDLE_IDENTIFIER = fr.cindyperat.BaluchonTests;
				PRODUCT_NAME = "$(TARGET_NAME)";
				SWIFT_VERSION = 4.2;
				TARGETED_DEVICE_FAMILY = "1,2";
				TEST_HOST = "$(BUILT_PRODUCTS_DIR)/Baluchon.app/Baluchon";
			};
			name = Release;
		};
/* End XCBuildConfiguration section */

/* Begin XCConfigurationList section */
		C269F05522B7BA7900775CC3 /* Build configuration list for PBXProject "Baluchon" */ = {
			isa = XCConfigurationList;
			buildConfigurations = (
				C269F07522B7BA7B00775CC3 /* Debug */,
				C269F07622B7BA7B00775CC3 /* Release */,
			);
			defaultConfigurationIsVisible = 0;
			defaultConfigurationName = Release;
		};
		C269F07722B7BA7B00775CC3 /* Build configuration list for PBXNativeTarget "Baluchon" */ = {
			isa = XCConfigurationList;
			buildConfigurations = (
				C269F07822B7BA7B00775CC3 /* Debug */,
				C269F07922B7BA7B00775CC3 /* Release */,
			);
			defaultConfigurationIsVisible = 0;
			defaultConfigurationName = Release;
		};
		C269F07A22B7BA7B00775CC3 /* Build configuration list for PBXNativeTarget "BaluchonTests" */ = {
			isa = XCConfigurationList;
			buildConfigurations = (
				C269F07B22B7BA7B00775CC3 /* Debug */,
				C269F07C22B7BA7B00775CC3 /* Release */,
			);
			defaultConfigurationIsVisible = 0;
			defaultConfigurationName = Release;
		};
/* End XCConfigurationList section */
	};
	rootObject = C269F05222B7BA7900775CC3 /* Project object */;
}
